version = 1
revision = 3
requires-python = ">=3.14"

[[package]]
name = "debugpy"
version = "1.8.20"
source = { registry = "https://mirrors.tuna.tsinghua.edu.cn/pypi/web/simple/" }
sdist = { url = "https://mirrors.tuna.tsinghua.edu.cn/pypi/web/packages/e0/b7/cd8080344452e4874aae67c40d8940e2b4d47b01601a8fd9f44786c757c7/debugpy-1.8.20.tar.gz", hash = "sha256:55bc8701714969f1ab89a6d5f2f3d40c36f91b2cbe2f65d98bf8196f6a6a2c33", size = 1645207, upload-time = "2026-01-29T23:03:28.199Z" }
wheels = [
    { url = "https://mirrors.tuna.tsinghua.edu.cn/pypi/web/packages/33/2e/f6cb9a8a13f5058f0a20fe09711a7b726232cd5a78c6a7c05b2ec726cff9/debugpy-1.8.20-cp314-cp314-macosx_15_0_universal2.whl", hash = "sha256:9c74df62fc064cd5e5eaca1353a3ef5a5d50da5eb8058fcef63106f7bebe6173", size = 2538066, upload-time = "2026-01-29T23:03:54.999Z" },
    { url = "https://mirrors.tuna.tsinghua.edu.cn/pypi/web/packages/c5/56/6ddca50b53624e1ca3ce1d1e49ff22db46c47ea5fb4c0cc5c9b90a616364/debugpy-1.8.20-cp314-cp314-manylinux_2_34_x86_64.whl", hash = "sha256:077a7447589ee9bc1ff0cdf443566d0ecf540ac8aa7333b775ebcb8ce9f4ecad", size = 4269425, upload-time = "2026-01-29T23:03:56.518Z" },
    { url = "https://mirrors.tuna.tsinghua.edu.cn/pypi/web/packages/c5/d9/d64199c14a0d4c476df46c82470a3ce45c8d183a6796cfb5e66533b3663c/debugpy-1.8.20-cp314-cp314-win32.whl", hash = "sha256:352036a99dd35053b37b7803f748efc456076f929c6a895556932eaf2d23b07f", size = 5331407, upload-time = "2026-01-29T23:03:58.481Z" },
    { url = "https://mirrors.tuna.tsinghua.edu.cn/pypi/web/packages/e0/d9/1f07395b54413432624d61524dfd98c1a7c7827d2abfdb8829ac92638205/debugpy-1.8.20-cp314-cp314-win_amd64.whl", hash = "sha256:a98eec61135465b062846112e5ecf2eebb855305acc1dfbae43b72903b8ab5be", size = 5372521, upload-time = "2026-01-29T23:03:59.864Z" },
    { url = "https://mirrors.tuna.tsinghua.edu.cn/pypi/web/packages/e0/c3/7f67dea8ccf8fdcb9c99033bbe3e90b9e7395415843accb81428c441be2d/debugpy-1.8.20-py2.py3-none-any.whl", hash = "sha256:5be9bed9ae3be00665a06acaa48f8329d2b9632f15fd09f6a9a8c8d9907e54d7", size = 5337658, upload-time = "2026-01-29T23:04:17.404Z" },
]

[[package]]
name = "sample-project"
version = "0.1.0"
source = { editable = "." }

[package.dev-dependencies]
dev = [
    { name = "debugpy" },
]

[package.metadata]

[package.metadata.requires-dev]
dev = [{ name = "debugpy", specifier = ">=1.8.20" }]
